
Microsoft Visual Studio Solution File, Format Version 10.00
# Visual Studio 2008
Project("{FAE04EC0-301F-11D3-BF4B-00C04F79EFBC}") = "SqlServerProject3", "SqlServerProject3\SqlServerProject3.csproj", "{118BA591-DB73-4B28-B9BA-19E5DDBFD02A}"
EndProject
Global
	GlobalSection(SolutionConfigurationPlatforms) = preSolution
		Debug|Any CPU = Debug|Any CPU
		Release|Any CPU = Release|Any CPU
	EndGlobalSection
	GlobalSection(ProjectConfigurationPlatforms) = postSolution
		{118BA591-DB73-4B28-B9BA-19E5DDBFD02A}.Debug|Any CPU.ActiveCfg = Debug|Any CPU
		{118BA591-DB73-4B28-B9BA-19E5DDBFD02A}.Debug|Any CPU.Build.0 = Debug|Any CPU
		{118BA591-DB73-4B28-B9BA-19E5DDBFD02A}.Debug|Any CPU.Deploy.0 = Debug|Any CPU
		{118BA591-DB73-4B28-B9BA-19E5DDBFD02A}.Release|Any CPU.ActiveCfg = Release|Any CPU
		{118BA591-DB73-4B28-B9BA-19E5DDBFD02A}.Release|Any CPU.Build.0 = Release|Any CPU
		{118BA591-DB73-4B28-B9BA-19E5DDBFD02A}.Release|Any CPU.Deploy.0 = Release|Any CPU
	EndGlobalSection
	GlobalSection(SolutionProperties) = preSolution
		HideSolutionNode = FALSE
	EndGlobalSection
EndGlobal
